
Microsoft Visual Studio Solution File, Format Version 12.00
# Visual Studio Version 17
VisualStudioVersion = 17.11.35222.181
MinimumVisualStudioVersion = 10.0.40219.1
Project("{FAE04EC0-301F-11D3-BF4B-00C04F79EFBC}") = "Project.API", "Project.API\Project.API.csproj", "{BA2C8E5D-97DD-4F20-BE76-2EA3040D60D0}"
EndProject
Project("{FAE04EC0-301F-11D3-BF4B-00C04F79EFBC}") = "Project.Core", "Project.Core\Project.Core.csproj", "{262C294C-4ABA-4564-A38F-690A824F48B5}"
EndProject
Project("{FAE04EC0-301F-11D3-BF4B-00C04F79EFBC}") = "Project.Repositor", "Project.Repositor\Project.Repositor.csproj", "{A7C964E1-E1B5-4D1D-9685-57EA19D67820}"
EndProject
Global
	GlobalSection(SolutionConfigurationPlatforms) = preSolution
		Debug|Any CPU = Debug|Any CPU
		Release|Any CPU = Release|Any CPU
	EndGlobalSection
	GlobalSection(ProjectConfigurationPlatforms) = postSolution
		{BA2C8E5D-97DD-4F20-BE76-2EA3040D60D0}.Debug|Any CPU.ActiveCfg = Debug|Any CPU
		{BA2C8E5D-97DD-4F20-BE76-2EA3040D60D0}.Debug|Any CPU.Build.0 = Debug|Any CPU
		{BA2C8E5D-97DD-4F20-BE76-2EA3040D60D0}.Release|Any CPU.ActiveCfg = Release|Any CPU
		{BA2C8E5D-97DD-4F20-BE76-2EA3040D60D0}.Release|Any CPU.Build.0 = Release|Any CPU
		{262C294C-4ABA-4564-A38F-690A824F48B5}.Debug|Any CPU.ActiveCfg = Debug|Any CPU
		{262C294C-4ABA-4564-A38F-690A824F48B5}.Debug|Any CPU.Build.0 = Debug|Any CPU
		{262C294C-4ABA-4564-A38F-690A824F48B5}.Release|Any CPU.ActiveCfg = Release|Any CPU
		{262C294C-4ABA-4564-A38F-690A824F48B5}.Release|Any CPU.Build.0 = Release|Any CPU
		{A7C964E1-E1B5-4D1D-9685-57EA19D67820}.Debug|Any CPU.ActiveCfg = Debug|Any CPU
		{A7C964E1-E1B5-4D1D-9685-57EA19D67820}.Debug|Any CPU.Build.0 = Debug|Any CPU
		{A7C964E1-E1B5-4D1D-9685-57EA19D67820}.Release|Any CPU.ActiveCfg = Release|Any CPU
		{A7C964E1-E1B5-4D1D-9685-57EA19D67820}.Release|Any CPU.Build.0 = Release|Any CPU
	EndGlobalSection
	GlobalSection(SolutionProperties) = preSolution
		HideSolutionNode = FALSE
	EndGlobalSection
	GlobalSection(ExtensibilityGlobals) = postSolution
		SolutionGuid = {B01C56AF-F885-44B0-BBDB-A73AAF63C947}
	EndGlobalSection
EndGlobal
